
Microsoft Visual Studio Solution File, Format Version 12.00
# Visual Studio 2013
VisualStudioVersion = 12.0.40629.0
MinimumVisualStudioVersion = 10.0.40219.1
Project("{FAE04EC0-301F-11D3-BF4B-00C04F79EFBC}") = "Sample_ProcessMonitor", "Sample_ProcessMonitor\Sample_ProcessMonitor.csproj", "{FADB5699-CF91-46EF-B585-8B79AA8222AA}"
EndProject
Global
	GlobalSection(SolutionConfigurationPlatforms) = preSolution
		Debug|Any CPU = Debug|Any CPU
		Release|Any CPU = Release|Any CPU
	EndGlobalSection
	GlobalSection(ProjectConfigurationPlatforms) = postSolution
		{FADB5699-CF91-46EF-B585-8B79AA8222AA}.Debug|Any CPU.ActiveCfg = Debug|Any CPU
		{FADB5699-CF91-46EF-B585-8B79AA8222AA}.Debug|Any CPU.Build.0 = Debug|Any CPU
		{FADB5699-CF91-46EF-B585-8B79AA8222AA}.Release|Any CPU.ActiveCfg = Release|Any CPU
		{FADB5699-CF91-46EF-B585-8B79AA8222AA}.Release|Any CPU.Build.0 = Release|Any CPU
	EndGlobalSection
	GlobalSection(SolutionProperties) = preSolution
		HideSolutionNode = FALSE
	EndGlobalSection
EndGlobal
